
Microsoft Visual Studio Solution File, Format Version 12.00
# Visual Studio Version 16
VisualStudioVersion = 16.0.31624.102
MinimumVisualStudioVersion = 10.0.40219.1
Project("{FAE04EC0-301F-11D3-BF4B-00C04F79EFBC}") = "Defualt", "Defualt\Defualt.csproj", "{C3C1AA4A-3665-4AEE-B901-828F0627CE10}"
EndProject
Global
	GlobalSection(SolutionConfigurationPlatforms) = preSolution
		Debug|Any CPU = Debug|Any CPU
		Release|Any CPU = Release|Any CPU
	EndGlobalSection
	GlobalSection(ProjectConfigurationPlatforms) = postSolution
		{C3C1AA4A-3665-4AEE-B901-828F0627CE10}.Debug|Any CPU.ActiveCfg = Debug|Any CPU
		{C3C1AA4A-3665-4AEE-B901-828F0627CE10}.Debug|Any CPU.Build.0 = Debug|Any CPU
		{C3C1AA4A-3665-4AEE-B901-828F0627CE10}.Release|Any CPU.ActiveCfg = Release|Any CPU
		{C3C1AA4A-3665-4AEE-B901-828F0627CE10}.Release|Any CPU.Build.0 = Release|Any CPU
	EndGlobalSection
	GlobalSection(SolutionProperties) = preSolution
		HideSolutionNode = FALSE
	EndGlobalSection
	GlobalSection(ExtensibilityGlobals) = postSolution
		SolutionGuid = {8544CF35-E1FD-4AEA-AB75-59166E1912D8}
	EndGlobalSection
EndGlobal
